# This file is automatically @generated by Cargo.
# It is not intended for manual editing.
version = 3

[[package]]
name = "crypto"
version = "0.1.0"

[[package]]
name = "messenger"
version = "0.1.0"

[[package]]
name = "networking"
version = "0.1.0"
dependencies = [
 "crypto",
 "messenger",
 "server",
]

[[package]]
name = "server"
version = "0.1.0"
